// !$*UTF8*$!
{
	archiveVersion = 1;
	classes = {
	};
	objectVersion = 55;
	objects = {

/* Begin PBXBuildFile section */
		8C300FA82820A4F8001E194E /* LifeWheelApp.swift in Sources */ = {isa = PBXBuildFile; fileRef = 8C300FA72820A4F8001E194E /* LifeWheelApp.swift */; };
		8C300FAC2820A4F9001E194E /* Assets.xcassets in Resources */ = {isa = PBXBuildFile; fileRef = 8C300FAB2820A4F9001E194E /* Assets.xcassets */; };
		8C300FAF2820A4F9001E194E /* Preview Assets.xcassets in Resources */ = {isa = PBXBuildFile; fileRef = 8C300FAE2820A4F9001E194E /* Preview Assets.xcassets */; };
		8C300FBB2820A512001E194E /* Key.swift in Sources */ = {isa = PBXBuildFile; fileRef = 8C300FB52820A511001E194E /* Key.swift */; };
		8C300FBC2820A512001E194E /* test.swift in Sources */ = {isa = PBXBuildFile; fileRef = 8C300FB62820A511001E194E /* test.swift */; };
		8C300FBD2820A512001E194E /* ChartModel.swift in Sources */ = {isa = PBXBuildFile; fileRef = 8C300FB72820A512001E194E /* ChartModel.swift */; };
		8C300FBE2820A512001E194E /* CircleSector.swift in Sources */ = {isa = PBXBuildFile; fileRef = 8C300FB82820A512001E194E /* CircleSector.swift */; };
		8C300FBF2820A512001E194E /* Chart.swift in Sources */ = {isa = PBXBuildFile; fileRef = 8C300FB92820A512001E194E /* Chart.swift */; };
		8C300FC02820A512001E194E /* LabeledCircleSector.swift in Sources */ = {isa = PBXBuildFile; fileRef = 8C300FBA2820A512001E194E /* LabeledCircleSector.swift */; };
/* End PBXBuildFile section */

/* Begin PBXFileReference section */
		8C300FA42820A4F8001E194E /* LifeWheel.app */ = {isa = PBXFileReference; explicitFileType = wrapper.application; includeInIndex = 0; path = LifeWheel.app; sourceTree = BUILT_PRODUCTS_DIR; };
		8C300FA72820A4F8001E194E /* LifeWheelApp.swift */ = {isa = PBXFileReference; lastKnownFileType = sourcecode.swift; path = LifeWheelApp.swift; sourceTree = "<group>"; };
		8C300FAB2820A4F9001E194E /* Assets.xcassets */ = {isa = PBXFileReference; lastKnownFileType = folder.assetcatalog; path = Assets.xcassets; sourceTree = "<group>"; };
		8C300FAE2820A4F9001E194E /* Preview Assets.xcassets */ = {isa = PBXFileReference; lastKnownFileType = folder.assetcatalog; path = "Preview Assets.xcassets"; sourceTree = "<group>"; };
		8C300FB52820A511001E194E /* Key.swift */ = {isa = PBXFileReference; fileEncoding = 4; lastKnownFileType = sourcecode.swift; path = Key.swift; sourceTree = "<group>"; };
		8C300FB62820A511001E194E /* test.swift */ = {isa = PBXFileReference; fileEncoding = 4; lastKnownFileType = sourcecode.swift; path = test.swift; sourceTree = "<group>"; };
		8C300FB72820A512001E194E /* ChartModel.swift */ = {isa = PBXFileReference; fileEncoding = 4; lastKnownFileType = sourcecode.swift; path = ChartModel.swift; sourceTree = "<group>"; };
		8C300FB82820A512001E194E /* CircleSector.swift */ = {isa = PBXFileReference; fileEncoding = 4; lastKnownFileType = sourcecode.swift; path = CircleSector.swift; sourceTree = "<group>"; };
		8C300FB92820A512001E194E /* Chart.swift */ = {isa = PBXFileReference; fileEncoding = 4; lastKnownFileType = sourcecode.swift; path = Chart.swift; sourceTree = "<group>"; };
		8C300FBA2820A512001E194E /* LabeledCircleSector.swift */ = {isa = PBXFileReference; fileEncoding = 4; lastKnownFileType = sourcecode.swift; path = LabeledCircleSector.swift; sourceTree = "<group>"; };
/* End PBXFileReference section */

/* Begin PBXFrameworksBuildPhase section */
		8C300FA12820A4F8001E194E /* Frameworks */ = {
			isa = PBXFrameworksBuildPhase;
			buildActionMask = 2147483647;
			files = (
			);
			runOnlyForDeploymentPostprocessing = 0;
		};
/* End PBXFrameworksBuildPhase section */

/* Begin PBXGroup section */
		8C300F9B2820A4F8001E194E = {
			isa = PBXGroup;
			children = (
				8C300FA62820A4F8001E194E /* LifeWheel */,
				8C300FA52820A4F8001E194E /* Products */,
			);
			sourceTree = "<group>";
		};
		8C300FA52820A4F8001E194E /* Products */ = {
			isa = PBXGroup;
			children = (
				8C300FA42820A4F8001E194E /* LifeWheel.app */,
			);
			name = Products;
			sourceTree = "<group>";
		};
		8C300FA62820A4F8001E194E /* LifeWheel */ = {
			isa = PBXGroup;
			children = (
				8C300FB92820A512001E194E /* Chart.swift */,
				8C300FB72820A512001E194E /* ChartModel.swift */,
				8C300FB82820A512001E194E /* CircleSector.swift */,
				8C300FB52820A511001E194E /* Key.swift */,
				8C300FBA2820A512001E194E /* LabeledCircleSector.swift */,
				8C300FB62820A511001E194E /* test.swift */,
				8C300FA72820A4F8001E194E /* LifeWheelApp.swift */,
				8C300FAB2820A4F9001E194E /* Assets.xcassets */,
				8C300FAD2820A4F9001E194E /* Preview Content */,
			);
			path = LifeWheel;
			sourceTree = "<group>";
		};
		8C300FAD2820A4F9001E194E /* Preview Content */ = {
			isa = PBXGroup;
			children = (
				8C300FAE2820A4F9001E194E /* Preview Assets.xcassets */,
			);
			path = "Preview Content";
			sourceTree = "<group>";
		};
/* End PBXGroup section */

/* Begin PBXNativeTarget section */
		8C300FA32820A4F8001E194E /* LifeWheel */ = {
			isa = PBXNativeTarget;
			buildConfigurationList = 8C300FB22820A4F9001E194E /* Build configuration list for PBXNativeTarget "LifeWheel" */;
			buildPhases = (
				8C300FA02820A4F8001E194E /* Sources */,
				8C300FA12820A4F8001E194E /* Frameworks */,
				8C300FA22820A4F8001E194E /* Resources */,
			);
			buildRules = (
			);
			dependencies = (
			);
			name = LifeWheel;
			productName = LifeWheel;
			productReference = 8C300FA42820A4F8001E194E /* LifeWheel.app */;
			productType = "com.apple.product-type.application";
		};
/* End PBXNativeTarget section */

/* Begin PBXProject section */
		8C300F9C2820A4F8001E194E /* Project object */ = {
			isa = PBXProject;
			attributes = {
				BuildIndependentTargetsInParallel = 1;
				LastSwiftUpdateCheck = 1310;
				LastUpgradeCheck = 1310;
				TargetAttributes = {
					8C300FA32820A4F8001E194E = {
						CreatedOnToolsVersion = 13.1;
					};
				};
			};
			buildConfigurationList = 8C300F9F2820A4F8001E194E /* Build configuration list for PBXProject "LifeWheel" */;
			compatibilityVersion = "Xcode 13.0";
			developmentRegion = en;
			hasScannedForEncodings = 0;
			knownRegions = (
				en,
				Base,
			);
			mainGroup = 8C300F9B2820A4F8001E194E;
			productRefGroup = 8C300FA52820A4F8001E194E /* Products */;
			projectDirPath = "";
			projectRoot = "";
			targets = (
				8C300FA32820A4F8001E194E /* LifeWheel */,
			);
		};
/* End PBXProject section */

/* Begin PBXResourcesBuildPhase section */
		8C300FA22820A4F8001E194E /* Resources */ = {
			isa = PBXResourcesBuildPhase;
			buildActionMask = 2147483647;
			files = (
				8C300FAF2820A4F9001E194E /* Preview Assets.xcassets in Resources */,
				8C300FAC2820A4F9001E194E /* Assets.xcassets in Resources */,
			);
			runOnlyForDeploymentPostprocessing = 0;
		};
/* End PBXResourcesBuildPhase section */

/* Begin PBXSourcesBuildPhase section */
		8C300FA02820A4F8001E194E /* Sources */ = {
			isa = PBXSourcesBuildPhase;
			buildActionMask = 2147483647;
			files = (
				8C300FBF2820A512001E194E /* Chart.swift in Sources */,
				8C300FBC2820A512001E194E /* test.swift in Sources */,
				8C300FA82820A4F8001E194E /* LifeWheelApp.swift in Sources */,
				8C300FBE2820A512001E194E /* CircleSector.swift in Sources */,
				8C300FBB2820A512001E194E /* Key.swift in Sources */,
				8C300FBD2820A512001E194E /* ChartModel.swift in Sources */,
				8C300FC02820A512001E194E /* LabeledCircleSector.swift in Sources */,
			);
			runOnlyForDeploymentPostprocessing = 0;
		};
/* End PBXSourcesBuildPhase section */

/* Begin XCBuildConfiguration section */
		8C300FB02820A4F9001E194E /* Debug */ = {
			isa = XCBuildConfiguration;
			buildSettings = {
				ALWAYS_SEARCH_USER_PATHS = NO;
				CLANG_ANALYZER_NONNULL = YES;
				CLANG_ANALYZER_NUMBER_OBJECT_CONVERSION = YES_AGGRESSIVE;
				CLANG_CXX_LANGUAGE_STANDARD = "gnu++17";
				CLANG_CXX_LIBRARY = "libc++";
				CLANG_ENABLE_MODULES = YES;
				CLANG_ENABLE_OBJC_ARC = YES;
				CLANG_ENABLE_OBJC_WEAK = YES;
				CLANG_WARN_BLOCK_CAPTURE_AUTORELEASING = YES;
				CLANG_WARN_BOOL_CONVERSION = YES;
				CLANG_WARN_COMMA = YES;
				CLANG_WARN_CONSTANT_CONVERSION = YES;
				CLANG_WARN_DEPRECATED_OBJC_IMPLEMENTATIONS = YES;
				CLANG_WARN_DIRECT_OBJC_ISA_USAGE = YES_ERROR;
				CLANG_WARN_DOCUMENTATION_COMMENTS = YES;
				CLANG_WARN_EMPTY_BODY = YES;
				CLANG_WARN_ENUM_CONVERSION = YES;
				CLANG_WARN_INFINITE_RECURSION = YES;
				CLANG_WARN_INT_CONVERSION = YES;
				CLANG_WARN_NON_LITERAL_NULL_CONVERSION = YES;
				CLANG_WARN_OBJC_IMPLICIT_RETAIN_SELF = YES;
				CLANG_WARN_OBJC_LITERAL_CONVERSION = YES;
				CLANG_WARN_OBJC_ROOT_CLASS = YES_ERROR;
				CLANG_WARN_QUOTED_INCLUDE_IN_FRAMEWORK_HEADER = YES;
				CLANG_WARN_RANGE_LOOP_ANALYSIS = YES;
				CLANG_WARN_STRICT_PROTOTYPES = YES;
				CLANG_WARN_SUSPICIOUS_MOVE = YES;
				CLANG_WARN_UNGUARDED_AVAILABILITY = YES_AGGRESSIVE;
				CLANG_WARN_UNREACHABLE_CODE = YES;
				CLANG_WARN__DUPLICATE_METHOD_MATCH = YES;
				COPY_PHASE_STRIP = NO;
				DEBUG_INFORMATION_FORMAT = dwarf;
				ENABLE_STRICT_OBJC_MSGSEND = YES;
				ENABLE_TESTABILITY = YES;
				GCC_C_LANGUAGE_STANDARD = gnu11;
				GCC_DYNAMIC_NO_PIC = NO;
				GCC_NO_COMMON_BLOCKS = YES;
				GCC_OPTIMIZATION_LEVEL = 0;
				GCC_PREPROCESSOR_DEFINITIONS = (
					"DEBUG=1",
					"$(inherited)",
				);
				GCC_WARN_64_TO_32_BIT_CONVERSION = YES;
				GCC_WARN_ABOUT_RETURN_TYPE = YES_ERROR;
				GCC_WARN_UNDECLARED_SELECTOR = YES;
				GCC_WARN_UNINITIALIZED_AUTOS = YES_AGGRESSIVE;
				GCC_WARN_UNUSED_FUNCTION = YES;
				GCC_WARN_UNUSED_VARIABLE = YES;
				IPHONEOS_DEPLOYMENT_TARGET = 15.0;
				MTL_ENABLE_DEBUG_INFO = INCLUDE_SOURCE;
				MTL_FAST_MATH = YES;
				ONLY_ACTIVE_ARCH = YES;
				SDKROOT = iphoneos;
				SWIFT_ACTIVE_COMPILATION_CONDITIONS = DEBUG;
				SWIFT_OPTIMIZATION_LEVEL = "-Onone";
			};
			name = Debug;
		};
		8C300FB12820A4F9001E194E /* Release */ = {
			isa = XCBuildConfiguration;
			buildSettings = {
				ALWAYS_SEARCH_USER_PATHS = NO;
				CLANG_ANALYZER_NONNULL = YES;
				CLANG_ANALYZER_NUMBER_OBJECT_CONVERSION = YES_AGGRESSIVE;
				CLANG_CXX_LANGUAGE_STANDARD = "gnu++17";
				CLANG_CXX_LIBRARY = "libc++";
				CLANG_ENABLE_MODULES = YES;
				CLANG_ENABLE_OBJC_ARC = YES;
				CLANG_ENABLE_OBJC_WEAK = YES;
				CLANG_WARN_BLOCK_CAPTURE_AUTORELEASING = YES;
				CLANG_WARN_BOOL_CONVERSION = YES;
				CLANG_WARN_COMMA = YES;
				CLANG_WARN_CONSTANT_CONVERSION = YES;
				CLANG_WARN_DEPRECATED_OBJC_IMPLEMENTATIONS = YES;
				CLANG_WARN_DIRECT_OBJC_ISA_USAGE = YES_ERROR;
				CLANG_WARN_DOCUMENTATION_COMMENTS = YES;
				CLANG_WARN_EMPTY_BODY = YES;
				CLANG_WARN_ENUM_CONVERSION = YES;
				CLANG_WARN_INFINITE_RECURSION = YES;
				CLANG_WARN_INT_CONVERSION = YES;
				CLANG_WARN_NON_LITERAL_NULL_CONVERSION = YES;
				CLANG_WARN_OBJC_IMPLICIT_RETAIN_SELF = YES;
				CLANG_WARN_OBJC_LITERAL_CONVERSION = YES;
				CLANG_WARN_OBJC_ROOT_CLASS = YES_ERROR;
				CLANG_WARN_QUOTED_INCLUDE_IN_FRAMEWORK_HEADER = YES;
				CLANG_WARN_RANGE_LOOP_ANALYSIS = YES;
				CLANG_WARN_STRICT_PROTOTYPES = YES;
				CLANG_WARN_SUSPICIOUS_MOVE = YES;
				CLANG_WARN_UNGUARDED_AVAILABILITY = YES_AGGRESSIVE;
				CLANG_WARN_UNREACHABLE_CODE = YES;
				CLANG_WARN__DUPLICATE_METHOD_MATCH = YES;
				COPY_PHASE_STRIP = NO;
				DEBUG_INFORMATION_FORMAT = "dwarf-with-dsym";
				ENABLE_NS_ASSERTIONS = NO;
				ENABLE_STRICT_OBJC_MSGSEND = YES;
				GCC_C_LANGUAGE_STANDARD = gnu11;
				GCC_NO_COMMON_BLOCKS = YES;
				GCC_WARN_64_TO_32_BIT_CONVERSION = YES;
				GCC_WARN_ABOUT_RETURN_TYPE = YES_ERROR;
				GCC_WARN_UNDECLARED_SELECTOR = YES;
				GCC_WARN_UNINITIALIZED_AUTOS = YES_AGGRESSIVE;
				GCC_WARN_UNUSED_FUNCTION = YES;
				GCC_WARN_UNUSED_VARIABLE = YES;
				IPHONEOS_DEPLOYMENT_TARGET = 15.0;
				MTL_ENABLE_DEBUG_INFO = NO;
				MTL_FAST_MATH = YES;
				SDKROOT = iphoneos;
				SWIFT_COMPILATION_MODE = wholemodule;
				SWIFT_OPTIMIZATION_LEVEL = "-O";
				VALIDATE_PRODUCT = YES;
			};
			name = Release;
		};
		8C300FB32820A4F9001E194E /* Debug */ = {
			isa = XCBuildConfiguration;
			buildSettings = {
				ASSETCATALOG_COMPILER_APPICON_NAME = AppIcon;
				ASSETCATALOG_COMPILER_GLOBAL_ACCENT_COLOR_NAME = AccentColor;
				CODE_SIGN_STYLE = Automatic;
				CURRENT_PROJECT_VERSION = 1;
				DEVELOPMENT_ASSET_PATHS = "\"LifeWheel/Preview Content\"";
				DEVELOPMENT_TEAM = PUCDN25P64;
				ENABLE_PREVIEWS = YES;
				GENERATE_INFOPLIST_FILE = YES;
				INFOPLIST_KEY_UIApplicationSceneManifest_Generation = YES;
				INFOPLIST_KEY_UIApplicationSupportsIndirectInputEvents = YES;
				INFOPLIST_KEY_UILaunchScreen_Generation = YES;
				INFOPLIST_KEY_UISupportedInterfaceOrientations_iPad = "UIInterfaceOrientationPortrait UIInterfaceOrientationPortraitUpsideDown UIInterfaceOrientationLandscapeLeft UIInterfaceOrientationLandscapeRight";
				INFOPLIST_KEY_UISupportedInterfaceOrientations_iPhone = "UIInterfaceOrientationPortrait UIInterfaceOrientationLandscapeLeft UIInterfaceOrientationLandscapeRight";
				LD_RUNPATH_SEARCH_PATHS = (
					"$(inherited)",
					"@executable_path/Frameworks",
				);
				MARKETING_VERSION = 1.0;
				PRODUCT_BUNDLE_IDENTIFIER = com.u40.LifeWheel;
				PRODUCT_NAME = "$(TARGET_NAME)";
				SWIFT_EMIT_LOC_STRINGS = YES;
				SWIFT_VERSION = 5.0;
				TARGETED_DEVICE_FAMILY = "1,2";
			};
			name = Debug;
		};
		8C300FB42820A4F9001E194E /* Release */ = {
			isa = XCBuildConfiguration;
			buildSettings = {
				ASSETCATALOG_COMPILER_APPICON_NAME = AppIcon;
				ASSETCATALOG_COMPILER_GLOBAL_ACCENT_COLOR_NAME = AccentColor;
				CODE_SIGN_STYLE = Automatic;
				CURRENT_PROJECT_VERSION = 1;
				DEVELOPMENT_ASSET_PATHS = "\"LifeWheel/Preview Content\"";
				DEVELOPMENT_TEAM = PUCDN25P64;
				ENABLE_PREVIEWS = YES;
				GENERATE_INFOPLIST_FILE = YES;
				INFOPLIST_KEY_UIApplicationSceneManifest_Generation = YES;
				INFOPLIST_KEY_UIApplicationSupportsIndirectInputEvents = YES;
				INFOPLIST_KEY_UILaunchScreen_Generation = YES;
				INFOPLIST_KEY_UISupportedInterfaceOrientations_iPad = "UIInterfaceOrientationPortrait UIInterfaceOrientationPortraitUpsideDown UIInterfaceOrientationLandscapeLeft UIInterfaceOrientationLandscapeRight";
				INFOPLIST_KEY_UISupportedInterfaceOrientations_iPhone = "UIInterfaceOrientationPortrait UIInterfaceOrientationLandscapeLeft UIInterfaceOrientationLandscapeRight";
				LD_RUNPATH_SEARCH_PATHS = (
					"$(inherited)",
					"@executable_path/Frameworks",
				);
				MARKETING_VERSION = 1.0;
				PRODUCT_BUNDLE_IDENTIFIER = com.u40.LifeWheel;
				PRODUCT_NAME = "$(TARGET_NAME)";
				SWIFT_EMIT_LOC_STRINGS = YES;
				SWIFT_VERSION = 5.0;
				TARGETED_DEVICE_FAMILY = "1,2";
			};
			name = Release;
		};
/* End XCBuildConfiguration section */

/* Begin XCConfigurationList section */
		8C300F9F2820A4F8001E194E /* Build configuration list for PBXProject "LifeWheel" */ = {
			isa = XCConfigurationList;
			buildConfigurations = (
				8C300FB02820A4F9001E194E /* Debug */,
				8C300FB12820A4F9001E194E /* Release */,
			);
			defaultConfigurationIsVisible = 0;
			defaultConfigurationName = Release;
		};
		8C300FB22820A4F9001E194E /* Build configuration list for PBXNativeTarget "LifeWheel" */ = {
			isa = XCConfigurationList;
			buildConfigurations = (
				8C300FB32820A4F9001E194E /* Debug */,
				8C300FB42820A4F9001E194E /* Release */,
			);
			defaultConfigurationIsVisible = 0;
			defaultConfigurationName = Release;
		};
/* End XCConfigurationList section */
	};
	rootObject = 8C300F9C2820A4F8001E194E /* Project object */;
}
